
Microsoft Visual Studio Solution File, Format Version 12.00
# Visual Studio Version 16
VisualStudioVersion = 16.0.31019.194
MinimumVisualStudioVersion = 10.0.40219.1
Project("{9A19103F-16F7-4668-BE54-9A1E7A4F7556}") = "Blazor.BwipJs", "src\Blazor.BwipJs\Blazor.BwipJs.csproj", "{2B930E1B-2D83-4E97-B1A8-10810BAD3338}"
EndProject
Project("{FAE04EC0-301F-11D3-BF4B-00C04F79EFBC}") = "Blazor.BwipJs.Samples", "samples\Blazor.BwipJs.Samples\Blazor.BwipJs.Samples.csproj", "{57CED2D2-E07D-4118-80B8-4A07F3E36EBF}"
EndProject
Global
	GlobalSection(SolutionConfigurationPlatforms) = preSolution
		Debug|Any CPU = Debug|Any CPU
		Release|Any CPU = Release|Any CPU
	EndGlobalSection
	GlobalSection(ProjectConfigurationPlatforms) = postSolution
		{2B930E1B-2D83-4E97-B1A8-10810BAD3338}.Debug|Any CPU.ActiveCfg = Debug|Any CPU
		{2B930E1B-2D83-4E97-B1A8-10810BAD3338}.Debug|Any CPU.Build.0 = Debug|Any CPU
		{2B930E1B-2D83-4E97-B1A8-10810BAD3338}.Release|Any CPU.ActiveCfg = Release|Any CPU
		{2B930E1B-2D83-4E97-B1A8-10810BAD3338}.Release|Any CPU.Build.0 = Release|Any CPU
		{57CED2D2-E07D-4118-80B8-4A07F3E36EBF}.Debug|Any CPU.ActiveCfg = Debug|Any CPU
		{57CED2D2-E07D-4118-80B8-4A07F3E36EBF}.Debug|Any CPU.Build.0 = Debug|Any CPU
		{57CED2D2-E07D-4118-80B8-4A07F3E36EBF}.Release|Any CPU.ActiveCfg = Release|Any CPU
		{57CED2D2-E07D-4118-80B8-4A07F3E36EBF}.Release|Any CPU.Build.0 = Release|Any CPU
	EndGlobalSection
	GlobalSection(SolutionProperties) = preSolution
		HideSolutionNode = FALSE
	EndGlobalSection
	GlobalSection(ExtensibilityGlobals) = postSolution
		SolutionGuid = {74A78B6B-1A6F-4EA1-8DE1-ABECA01AAABF}
	EndGlobalSection
EndGlobal
